# This file is automatically @generated by Cargo.
# It is not intended for manual editing.
version = 3

[[package]]
name = "adler32"
version = "1.0.3"
source = "registry+https://github.com/rust-lang/crates.io-index"
checksum = "7e522997b529f05601e05166c07ed17789691f562762c7f3b987263d2dedee5c"

[[package]]
name = "aho-corasick"
version = "0.6.9"
source = "registry+https://github.com/rust-lang/crates.io-index"
checksum = "1e9a933f4e58658d7b12defcf96dc5c720f20832deebe3e0a19efd3b6aaeeb9e"
dependencies = [
 "memchr",
]

[[package]]
name = "ansi_term"
version = "0.11.0"
source = "registry+https://github.com/rust-lang/crates.io-index"
checksum = "ee49baf6cb617b853aa8d93bf420db2383fab46d314482ca2803b40d5fde979b"
dependencies = [
 "winapi",
]

[[package]]
name = "asm6502"
version = "0.1.2"
source = "registry+https://github.com/rust-lang/crates.io-index"
checksum = "f3bbef4926b4260b6ce188cfdcb7cf2868a917304c533c693504a8b53bbf495e"
dependencies = [
 "nom 2.2.1",
]

[[package]]
name = "atty"
version = "0.2.11"
source = "registry+https://github.com/rust-lang/crates.io-index"
checksum = "9a7d5b8723950951411ee34d271d99dddcc2035a16ab25310ea2c8cfd4369652"
dependencies = [
 "libc",
 "termion",
 "winapi",
]

[[package]]
name = "autocfg"
version = "0.1.1"
source = "registry+https://github.com/rust-lang/crates.io-index"
checksum = "4e5f34df7a019573fb8bdc7e24a2bfebe51a2a1d6bfdbaeccedb3c41fc574727"

[[package]]
name = "backtrace"
version = "0.3.13"
source = "registry+https://github.com/rust-lang/crates.io-index"
checksum = "b5b493b66e03090ebc4343eb02f94ff944e0cbc9ac6571491d170ba026741eb5"
dependencies = [
 "autocfg",
 "backtrace-sys",
 "cfg-if",
 "libc",
 "rustc-demangle",
 "winapi",
]

[[package]]
name = "backtrace-sys"
version = "0.1.28"
source = "registry+https://github.com/rust-lang/crates.io-index"
checksum = "797c830ac25ccc92a7f8a7b9862bde440715531514594a6154e3d4a54dd769b6"
dependencies = [
 "cc",
 "libc",
]

[[package]]
name = "bitflags"
version = "1.0.4"
source = "registry+https://github.com/rust-lang/crates.io-index"
checksum = "228047a76f468627ca71776ecdebd732a3423081fcf5125585bcd7c49886ce12"

[[package]]
name = "build_const"
version = "0.2.1"
source = "registry+https://github.com/rust-lang/crates.io-index"
checksum = "39092a32794787acd8525ee150305ff051b0aa6cc2abaf193924f5ab05425f39"

[[package]]
name = "byteorder"
version = "1.2.7"
source = "registry+https://github.com/rust-lang/crates.io-index"
checksum = "94f88df23a25417badc922ab0f5716cc1330e87f71ddd9203b3a3ccd9cedf75d"

[[package]]
name = "cast"
version = "0.2.2"
source = "registry+https://github.com/rust-lang/crates.io-index"
checksum = "926013f2860c46252efceabb19f4a6b308197505082c609025aa6706c011d427"

[[package]]
name = "cc"
version = "1.0.28"
source = "registry+https://github.com/rust-lang/crates.io-index"
checksum = "bb4a8b715cb4597106ea87c7c84b2f1d452c7492033765df7f32651e66fcf749"

[[package]]
name = "cfg-if"
version = "0.1.6"
source = "registry+https://github.com/rust-lang/crates.io-index"
checksum = "082bb9b28e00d3c9d39cc03e64ce4cea0f1bb9b3fde493f0cbc008472d22bdf4"

[[package]]
name = "chrono"
version = "0.4.6"
source = "registry+https://github.com/rust-lang/crates.io-index"
checksum = "45912881121cb26fad7c38c17ba7daa18764771836b34fab7d3fbd93ed633878"
dependencies = [
 "num-integer",
 "num-traits",
 "time",
]

[[package]]
name = "clap"
version = "2.32.0"
source = "registry+https://github.com/rust-lang/crates.io-index"
checksum = "b957d88f4b6a63b9d70d5f454ac8011819c6efa7727858f458ab71c756ce2d3e"
dependencies = [
 "ansi_term",
 "atty",
 "bitflags",
 "strsim",
 "textwrap",
 "unicode-width",
 "vec_map",
]

[[package]]
name = "cloudabi"
version = "0.0.3"
source = "registry+https://github.com/rust-lang/crates.io-index"
checksum = "ddfc5b9aa5d4507acaf872de71051dfd0e309860e88966e1051e462a077aac4f"
dependencies = [
 "bitflags",
]

[[package]]
name = "cmake"
version = "0.1.35"
source = "registry+https://github.com/rust-lang/crates.io-index"
checksum = "6ec65ee4f9c9d16f335091d23693457ed4928657ba4982289d7fafee03bc614a"
dependencies = [
 "cc",
]

[[package]]
name = "console_error_panic_hook"
version = "0.1.5"
source = "registry+https://github.com/rust-lang/crates.io-index"
checksum = "6c5dd2c094474ec60a6acaf31780af270275e3153bafff2db5995b715295762e"
dependencies = [
 "cfg-if",
 "wasm-bindgen",
]

[[package]]
name = "cpu6502"
version = "0.1.0"
dependencies = [
 "asm6502",
 "rand 0.6.1",
 "time",
]

[[package]]
name = "crc"
version = "1.8.1"
source = "registry+https://github.com/rust-lang/crates.io-index"
checksum = "d663548de7f5cca343f1e0a48d14dcfb0e9eb4e079ec58883b7251539fa10aeb"
dependencies = [
 "build_const",
]

[[package]]
name = "crc32fast"
version = "1.1.2"
source = "registry+https://github.com/rust-lang/crates.io-index"
checksum = "e91d5240c6975ef33aeb5f148f35275c25eda8e8a5f95abe421978b05b8bf192"
dependencies = [
 "cfg-if",
]

[[package]]
name = "criterion"
version = "0.2.5"
source = "registry+https://github.com/rust-lang/crates.io-index"
checksum = "c47d2b548c5647e1a436dc0cb78d4ebf51b6bf7ab101ed76662828bdd4d3a24a"
dependencies = [
 "atty",
 "clap",
 "criterion-plot",
 "criterion-stats",
 "csv",
 "failure",
 "failure_derive",
 "handlebars",
 "itertools",
 "itertools-num",
 "log",
 "serde",
 "serde_derive",
 "serde_json",
 "simplelog",
 "walkdir",
]

[[package]]
name = "criterion-plot"
version = "0.2.7"
source = "registry+https://github.com/rust-lang/crates.io-index"
checksum = "dd5f81689739e463ece7a6b62c6ec63bdab5c4e28fe05ff451769e87d1511411"
dependencies = [
 "byteorder",
 "cast",
 "failure",
 "failure_derive",
 "itertools",
]

[[package]]
name = "criterion-stats"
version = "0.2.5"
source = "registry+https://github.com/rust-lang/crates.io-index"
checksum = "ff43cac80562f91ead0b617c1be74edf350adfaa195809d355de98dfc8f9237d"
dependencies = [
 "cast",
 "num-traits",
 "num_cpus",
 "rand 0.4.3",
 "thread-scoped",
]

[[package]]
name = "csv"
version = "1.0.5"
source = "registry+https://github.com/rust-lang/crates.io-index"
checksum = "9fd1c44c58078cfbeaf11fbb3eac9ae5534c23004ed770cc4bfb48e658ae4f04"
dependencies = [
 "csv-core",
 "serde",
]

[[package]]
name = "csv-core"
version = "0.1.5"
source = "registry+https://github.com/rust-lang/crates.io-index"
checksum = "fa5cdef62f37e6ffe7d1f07a381bc0db32b7a3ff1cac0de56cb0d81e71f53d65"
dependencies = [
 "memchr",
]

[[package]]
name = "either"
version = "1.5.0"
source = "registry+https://github.com/rust-lang/crates.io-index"
checksum = "3be565ca5c557d7f59e7cfcf1844f9e3033650c929c6566f511e8005f205c1d0"

[[package]]
name = "encoding_rs"
version = "0.8.13"
source = "registry+https://github.com/rust-lang/crates.io-index"
checksum = "1a8fa54e6689eb2549c4efed8d00d7f3b2b994a064555b0e8df4ae3764bcc4be"
dependencies = [
 "cfg-if",
]

[[package]]
name = "env_logger"
version = "0.6.0"
source = "registry+https://github.com/rust-lang/crates.io-index"
checksum = "afb070faf94c85d17d50ca44f6ad076bce18ae92f0037d350947240a36e9d42e"
dependencies = [
 "atty",
 "humantime",
 "log",
 "regex",
 "termcolor",
]

[[package]]
name = "failure"
version = "0.1.4"
source = "registry+https://github.com/rust-lang/crates.io-index"
checksum = "e945b93ec214c6e97b520ec6c5d80267fc97af327658ee5b9f35984626e51fbf"
dependencies = [
 "backtrace",
 "failure_derive",
]

[[package]]
name = "failure_derive"
version = "0.1.4"
source = "registry+https://github.com/rust-lang/crates.io-index"
checksum = "7c395a14ab27b42704e85bf2435c5c51f334ad7a96e16fe23c6e63a1cad6cc12"
dependencies = [
 "proc-macro2",
 "quote 0.6.10",
 "syn 0.15.23",
 "synstructure",
]

[[package]]
name = "filetime"
version = "0.2.4"
source = "registry+https://github.com/rust-lang/crates.io-index"
checksum = "a2df5c1a8c4be27e7707789dc42ae65976e60b394afd293d1419ab915833e646"
dependencies = [
 "cfg-if",
 "libc",
 "redox_syscall",
]

[[package]]
name = "flate2"
version = "1.0.6"
source = "registry+https://github.com/rust-lang/crates.io-index"
checksum = "2291c165c8e703ee54ef3055ad6188e3d51108e2ded18e9f2476e774fc5ad3d4"
dependencies = [
 "crc32fast",
 "libc",
 "miniz-sys",
 "miniz_oxide_c_api",
]

[[package]]
name = "fuchsia-zircon"
version = "0.3.3"
source = "registry+https://github.com/rust-lang/crates.io-index"
checksum = "2e9763c69ebaae630ba35f74888db465e49e259ba1bc0eda7d06f4a067615d82"
dependencies = [
 "bitflags",
 "fuchsia-zircon-sys",
]

[[package]]
name = "fuchsia-zircon-sys"
version = "0.3.3"
source = "registry+https://github.com/rust-lang/crates.io-index"
checksum = "3dcaa9ae7725d12cdb85b3ad99a434db70b468c09ded17e012d86b5c1010f7a7"

[[package]]
name = "handlebars"
version = "0.32.4"
source = "registry+https://github.com/rust-lang/crates.io-index"
checksum = "d89ec99d1594f285d4590fc32bac5f75cdab383f1123d504d27862c644a807dd"
dependencies = [
 "lazy_static",
 "log",
 "pest",
 "pest_derive",
 "quick-error",
 "regex",
 "serde",
 "serde_json",
]

[[package]]
name = "heck"
version = "0.3.1"
source = "registry+https://github.com/rust-lang/crates.io-index"
checksum = "20564e78d53d2bb135c343b3f47714a56af2061f1c928fdb541dc7b9fdd94205"
dependencies = [
 "unicode-segmentation",
]

[[package]]
name = "humantime"
version = "1.2.0"
source = "registry+https://github.com/rust-lang/crates.io-index"
checksum = "3ca7e5f2e110db35f93b837c81797f3714500b81d517bf20c431b16d3ca4f114"
dependencies = [
 "quick-error",
]

[[package]]
name = "itertools"
version = "0.7.11"
source = "registry+https://github.com/rust-lang/crates.io-index"
checksum = "0d47946d458e94a1b7bcabbf6521ea7c037062c81f534615abcad76e84d4970d"
dependencies = [
 "either",
]

[[package]]
name = "itertools-num"
version = "0.1.3"
source = "registry+https://github.com/rust-lang/crates.io-index"
checksum = "a872a22f9e6f7521ca557660adb96dd830e54f0f490fa115bb55dd69d38b27e7"
dependencies = [
 "num-traits",
]

[[package]]
name = "itoa"
version = "0.4.3"
source = "registry+https://github.com/rust-lang/crates.io-index"
checksum = "1306f3464951f30e30d12373d31c79fbd52d236e5e896fd92f96ec7babbbe60b"

[[package]]
name = "js-sys"
version = "0.3.6"
source = "registry+https://github.com/rust-lang/crates.io-index"
checksum = "58cfec35fd4a94f3cf357d5cb7da71c71cd52720c2f2a7320090a8db5f06f655"
dependencies = [
 "wasm-bindgen",
]

[[package]]
name = "lazy_static"
version = "1.2.0"
source = "registry+https://github.com/rust-lang/crates.io-index"
checksum = "a374c89b9db55895453a74c1e38861d9deec0b01b405a82516e9d5de4820dea1"

[[package]]
name = "libc"
version = "0.2.45"
source = "registry+https://github.com/rust-lang/crates.io-index"
checksum = "2d2857ec59fadc0773853c664d2d18e7198e83883e7060b63c924cb077bd5c74"

[[package]]
name = "log"
version = "0.4.6"
source = "registry+https://github.com/rust-lang/crates.io-index"
checksum = "c84ec4b527950aa83a329754b01dbe3f58361d1c5efacd1f6d68c494d08a17c6"
dependencies = [
 "cfg-if",
]

[[package]]
name = "memchr"
version = "2.1.2"
source = "registry+https://github.com/rust-lang/crates.io-index"
checksum = "db4c41318937f6e76648f42826b1d9ade5c09cafb5aef7e351240a70f39206e9"
dependencies = [
 "cfg-if",
 "libc",
 "version_check",
]

[[package]]
name = "memory_units"
version = "0.4.0"
source = "registry+https://github.com/rust-lang/crates.io-index"
checksum = "8452105ba047068f40ff7093dd1d9da90898e63dd61736462e9cdda6a90ad3c3"

[[package]]
name = "miniz-sys"
version = "0.1.11"
source = "registry+https://github.com/rust-lang/crates.io-index"
checksum = "0300eafb20369952951699b68243ab4334f4b10a88f411c221d444b36c40e649"
dependencies = [
 "cc",
 "libc",
]

[[package]]
name = "miniz_oxide"
version = "0.2.0"
source = "registry+https://github.com/rust-lang/crates.io-index"
checksum = "5ad30a47319c16cde58d0314f5d98202a80c9083b5f61178457403dfb14e509c"
dependencies = [
 "adler32",
]

[[package]]
name = "miniz_oxide_c_api"
version = "0.2.0"
source = "registry+https://github.com/rust-lang/crates.io-index"
checksum = "28edaef377517fd9fe3e085c37d892ce7acd1fbeab9239c5a36eec352d8a8b7e"
dependencies = [
 "cc",
 "crc",
 "libc",
 "miniz_oxide",
]

[[package]]
name = "nom"
version = "2.2.1"
source = "registry+https://github.com/rust-lang/crates.io-index"
checksum = "cf51a729ecf40266a2368ad335a5fdde43471f545a967109cd62146ecf8b66ff"

[[package]]
name = "nom"
version = "4.1.1"
source = "registry+https://github.com/rust-lang/crates.io-index"
checksum = "9c349f68f25f596b9f44cf0e7c69752a5c633b0550c3ff849518bfba0233774a"
dependencies = [
 "memchr",
]

[[package]]
name = "num"
version = "0.1.42"
source = "registry+https://github.com/rust-lang/crates.io-index"
checksum = "4703ad64153382334aa8db57c637364c322d3372e097840c72000dabdcf6156e"
dependencies = [
 "num-integer",
 "num-iter",
 "num-traits",
]

[[package]]
name = "num-integer"
version = "0.1.39"
source = "registry+https://github.com/rust-lang/crates.io-index"
checksum = "e83d528d2677f0518c570baf2b7abdcf0cd2d248860b68507bdcb3e91d4c0cea"
dependencies = [
 "num-traits",
]

[[package]]
name = "num-iter"
version = "0.1.37"
source = "registry+https://github.com/rust-lang/crates.io-index"
checksum = "af3fdbbc3291a5464dc57b03860ec37ca6bf915ed6ee385e7c6c052c422b2124"
dependencies = [
 "num-integer",
 "num-traits",
]

[[package]]
name = "num-traits"
version = "0.2.6"
source = "registry+https://github.com/rust-lang/crates.io-index"
checksum = "0b3a5d7cc97d6d30d8b9bc8fa19bf45349ffe46241e8816f50f62f6d6aaabee1"

[[package]]
name = "num_cpus"
version = "1.9.0"
source = "registry+https://github.com/rust-lang/crates.io-index"
checksum = "5a69d464bdc213aaaff628444e99578ede64e9c854025aa43b9796530afa9238"
dependencies = [
 "libc",
]

[[package]]
name = "pest"
version = "1.0.6"
source = "registry+https://github.com/rust-lang/crates.io-index"
checksum = "0fce5d8b5cc33983fc74f78ad552b5522ab41442c4ca91606e4236eb4b5ceefc"

[[package]]
name = "pest_derive"
version = "1.0.8"
source = "registry+https://github.com/rust-lang/crates.io-index"
checksum = "ca3294f437119209b084c797604295f40227cffa35c57220b1e99a6ff3bf8ee4"
dependencies = [
 "pest",
 "quote 0.3.15",
 "syn 0.11.11",
]

[[package]]
name = "proc-macro2"
version = "0.4.24"
source = "registry+https://github.com/rust-lang/crates.io-index"
checksum = "77619697826f31a02ae974457af0b29b723e5619e113e9397b8b82c6bd253f09"
dependencies = [
 "unicode-xid 0.1.0",
]

[[package]]
name = "quick-error"
version = "1.2.2"
source = "registry+https://github.com/rust-lang/crates.io-index"
checksum = "9274b940887ce9addde99c4eee6b5c44cc494b182b97e73dc8ffdcb3397fd3f0"

[[package]]
name = "quote"
version = "0.3.15"
source = "registry+https://github.com/rust-lang/crates.io-index"
checksum = "7a6e920b65c65f10b2ae65c831a81a073a89edd28c7cce89475bff467ab4167a"

[[package]]
name = "quote"
version = "0.6.10"
source = "registry+https://github.com/rust-lang/crates.io-index"
checksum = "53fa22a1994bd0f9372d7a816207d8a2677ad0325b073f5c5332760f0fb62b5c"
dependencies = [
 "proc-macro2",
]

[[package]]
name = "rand"
version = "0.4.3"
source = "registry+https://github.com/rust-lang/crates.io-index"
checksum = "8356f47b32624fef5b3301c1be97e5944ecdd595409cc5da11d05f211db6cfbd"
dependencies = [
 "fuchsia-zircon",
 "libc",
 "winapi",
]

[[package]]
name = "rand"
version = "0.6.1"
source = "registry+https://github.com/rust-lang/crates.io-index"
checksum = "ae9d223d52ae411a33cf7e54ec6034ec165df296ccd23533d671a28252b6f66a"
dependencies = [
 "cloudabi",
 "fuchsia-zircon",
 "libc",
 "rand_chacha",
 "rand_core 0.3.1",
 "rand_hc",
 "rand_isaac",
 "rand_pcg",
 "rand_xorshift",
 "rustc_version",
 "winapi",
]

[[package]]
name = "rand_chacha"
version = "0.1.0"
source = "registry+https://github.com/rust-lang/crates.io-index"
checksum = "771b009e3a508cb67e8823dda454aaa5368c7bc1c16829fb77d3e980440dd34a"
dependencies = [
 "rand_core 0.3.1",
 "rustc_version",
]

[[package]]
name = "rand_core"
version = "0.3.1"
source = "registry+https://github.com/rust-lang/crates.io-index"
checksum = "7a6fdeb83b075e8266dcc8762c22776f6877a63111121f5f8c7411e5be7eed4b"
dependencies = [
 "rand_core 0.4.2",
]

[[package]]
name = "rand_core"
version = "0.4.2"
source = "registry+https://github.com/rust-lang/crates.io-index"
checksum = "9c33a3c44ca05fa6f1807d8e6743f3824e8509beca625669633be0acbdf509dc"

[[package]]
name = "rand_hc"
version = "0.1.0"
source = "registry+https://github.com/rust-lang/crates.io-index"
checksum = "7b40677c7be09ae76218dc623efbf7b18e34bced3f38883af07bb75630a21bc4"
dependencies = [
 "rand_core 0.3.1",
]

[[package]]
name = "rand_isaac"
version = "0.1.1"
source = "registry+https://github.com/rust-lang/crates.io-index"
checksum = "ded997c9d5f13925be2a6fd7e66bf1872597f759fd9dd93513dd7e92e5a5ee08"
dependencies = [
 "rand_core 0.3.1",
]

[[package]]
name = "rand_pcg"
version = "0.1.1"
source = "registry+https://github.com/rust-lang/crates.io-index"
checksum = "086bd09a33c7044e56bb44d5bdde5a60e7f119a9e95b0775f545de759a32fe05"
dependencies = [
 "rand_core 0.3.1",
 "rustc_version",
]

[[package]]
name = "rand_xorshift"
version = "0.1.0"
source = "registry+https://github.com/rust-lang/crates.io-index"
checksum = "effa3fcaa47e18db002bdde6060944b6d2f9cfd8db471c30e873448ad9187be3"
dependencies = [
 "rand_core 0.3.1",
]

[[package]]
name = "redox_syscall"
version = "0.1.49"
source = "registry+https://github.com/rust-lang/crates.io-index"
checksum = "f22c50afdcf3f0a31ebb6b47697f6a7c5e5a24967e842858118bce0615f0afad"

[[package]]
name = "redox_termios"
version = "0.1.1"
source = "registry+https://github.com/rust-lang/crates.io-index"
checksum = "7e891cfe48e9100a70a3b6eb652fef28920c117d366339687bd5576160db0f76"
dependencies = [
 "redox_syscall",
]

[[package]]
name = "regex"
version = "1.1.0"
source = "registry+https://github.com/rust-lang/crates.io-index"
checksum = "37e7cbbd370869ce2e8dff25c7018702d10b21a20ef7135316f8daecd6c25b7f"
dependencies = [
 "aho-corasick",
 "memchr",
 "regex-syntax",
 "thread_local",
 "utf8-ranges",
]

[[package]]
name = "regex-syntax"
version = "0.6.4"
source = "registry+https://github.com/rust-lang/crates.io-index"
checksum = "4e47a2ed29da7a9e1960e1639e7a982e6edc6d49be308a3b02daf511504a16d1"
dependencies = [
 "ucd-util",
]

[[package]]
name = "rs-nes-macros"
version = "0.0.1"
dependencies = [
 "proc-macro2",
 "quote 0.6.10",
 "syn 0.14.9",
]

[[package]]
name = "rs-nes-web"
version = "0.1.0"
dependencies = [
 "cfg-if",
 "console_error_panic_hook",
 "js-sys",
 "rs_nes",
 "wasm-bindgen",
 "web-sys",
 "wee_alloc",
]

[[package]]
name = "rs_nes"
version = "0.0.1"
dependencies = [
 "asm6502",
 "byteorder",
 "cpu6502",
 "criterion",
 "rand 0.6.1",
 "rs-nes-macros",
 "sdl2",
 "time",
]

[[package]]
name = "rustc-demangle"
version = "0.1.11"
source = "registry+https://github.com/rust-lang/crates.io-index"
checksum = "01b90379b8664dd83460d59bdc5dd1fd3172b8913788db483ed1325171eab2f7"

[[package]]
name = "rustc_version"
version = "0.2.3"
source = "registry+https://github.com/rust-lang/crates.io-index"
checksum = "138e3e0acb6c9fb258b19b67cb8abd63c00679d2851805ea151465464fe9030a"
dependencies = [
 "semver",
]

[[package]]
name = "ryu"
version = "0.2.7"
source = "registry+https://github.com/rust-lang/crates.io-index"
checksum = "eb9e9b8cde282a9fe6a42dd4681319bfb63f121b8a8ee9439c6f4107e58a46f7"

[[package]]
name = "same-file"
version = "1.0.4"
source = "registry+https://github.com/rust-lang/crates.io-index"
checksum = "8f20c4be53a8a1ff4c1f1b2bd14570d2f634628709752f0702ecdd2b3f9a5267"
dependencies = [
 "winapi-util",
]

[[package]]
name = "sdl2"
version = "0.32.1"
source = "registry+https://github.com/rust-lang/crates.io-index"
checksum = "0ebf85f207d42e4da59fa31fff977be5ff0b224873506c4bd70cc1c94b331593"
dependencies = [
 "bitflags",
 "lazy_static",
 "libc",
 "num",
 "rand 0.6.1",
 "sdl2-sys",
]

[[package]]
name = "sdl2-sys"
version = "0.32.5"
source = "registry+https://github.com/rust-lang/crates.io-index"
checksum = "e82803e85c2e6178d28886cef25b2c53afc2eecaeff739f2247f23ed3352e6c1"
dependencies = [
 "cfg-if",
 "cmake",
 "flate2",
 "tar",
 "unidiff",
]

[[package]]
name = "semver"
version = "0.9.0"
source = "registry+https://github.com/rust-lang/crates.io-index"
checksum = "1d7eb9ef2c18661902cc47e535f9bc51b78acd254da71d375c2f6720d9a40403"
dependencies = [
 "semver-parser",
]

[[package]]
name = "semver-parser"
version = "0.7.0"
source = "registry+https://github.com/rust-lang/crates.io-index"
checksum = "388a1df253eca08550bef6c72392cfe7c30914bf41df5269b68cbd6ff8f570a3"

[[package]]
name = "serde"
version = "1.0.83"
source = "registry+https://github.com/rust-lang/crates.io-index"
checksum = "157e12af46859e968da75dea9845530e13d03bcab2009a41b9b7bb3cf4eb3ec2"

[[package]]
name = "serde_derive"
version = "1.0.83"
source = "registry+https://github.com/rust-lang/crates.io-index"
checksum = "9469829702497daf2daf3c190e130c3fa72f719920f73c86160d43e8f8d76951"
dependencies = [
 "proc-macro2",
 "quote 0.6.10",
 "syn 0.15.23",
]

[[package]]
name = "serde_json"
version = "1.0.33"
source = "registry+https://github.com/rust-lang/crates.io-index"
checksum = "c37ccd6be3ed1fdf419ee848f7c758eb31b054d7cd3ae3600e3bae0adf569811"
dependencies = [
 "itoa",
 "ryu",
 "serde",
]

[[package]]
name = "simplelog"
version = "0.5.3"
source = "registry+https://github.com/rust-lang/crates.io-index"
checksum = "2e95345f185d5adeb8ec93459d2dc99654e294cc6ccf5b75414d8ea262de9a13"
dependencies = [
 "chrono",
 "log",
 "term",
]

[[package]]
name = "sourcefile"
version = "0.1.4"
source = "registry+https://github.com/rust-lang/crates.io-index"
checksum = "4bf77cb82ba8453b42b6ae1d692e4cdc92f9a47beaf89a847c8be83f4e328ad3"

[[package]]
name = "strsim"
version = "0.7.0"
source = "registry+https://github.com/rust-lang/crates.io-index"
checksum = "bb4f380125926a99e52bc279241539c018323fab05ad6368b56f93d9369ff550"

[[package]]
name = "syn"
version = "0.11.11"
source = "registry+https://github.com/rust-lang/crates.io-index"
checksum = "d3b891b9015c88c576343b9b3e41c2c11a51c219ef067b264bd9c8aa9b441dad"
dependencies = [
 "quote 0.3.15",
 "synom",
 "unicode-xid 0.0.4",
]

[[package]]
name = "syn"
version = "0.14.9"
source = "registry+https://github.com/rust-lang/crates.io-index"
checksum = "261ae9ecaa397c42b960649561949d69311f08eeaea86a65696e6e46517cf741"
dependencies = [
 "proc-macro2",
 "quote 0.6.10",
 "unicode-xid 0.1.0",
]

[[package]]
name = "syn"
version = "0.15.23"
source = "registry+https://github.com/rust-lang/crates.io-index"
checksum = "9545a6a093a3f0bd59adb472700acc08cad3776f860f16a897dfce8c88721cbc"
dependencies = [
 "proc-macro2",
 "quote 0.6.10",
 "unicode-xid 0.1.0",
]

[[package]]
name = "synom"
version = "0.11.3"
source = "registry+https://github.com/rust-lang/crates.io-index"
checksum = "a393066ed9010ebaed60b9eafa373d4b1baac186dd7e008555b0f702b51945b6"
dependencies = [
 "unicode-xid 0.0.4",
]

[[package]]
name = "synstructure"
version = "0.10.1"
source = "registry+https://github.com/rust-lang/crates.io-index"
checksum = "73687139bf99285483c96ac0add482c3776528beac1d97d444f6e91f203a2015"
dependencies = [
 "proc-macro2",
 "quote 0.6.10",
 "syn 0.15.23",
 "unicode-xid 0.1.0",
]

[[package]]
name = "tar"
version = "0.4.20"
source = "registry+https://github.com/rust-lang/crates.io-index"
checksum = "a303ba60a099fcd2aaa646b14d2724591a96a75283e4b7ed3d1a1658909d9ae2"
dependencies = [
 "filetime",
 "libc",
 "redox_syscall",
 "xattr",
]

[[package]]
name = "term"
version = "0.5.1"
source = "registry+https://github.com/rust-lang/crates.io-index"
checksum = "5e6b677dd1e8214ea1ef4297f85dbcbed8e8cdddb561040cc998ca2551c37561"
dependencies = [
 "byteorder",
 "winapi",
]

[[package]]
name = "termcolor"
version = "1.0.4"
source = "registry+https://github.com/rust-lang/crates.io-index"
checksum = "4096add70612622289f2fdcdbd5086dc81c1e2675e6ae58d6c4f62a16c6d7f2f"
dependencies = [
 "wincolor",
]

[[package]]
name = "termion"
version = "1.5.1"
source = "registry+https://github.com/rust-lang/crates.io-index"
checksum = "689a3bdfaab439fd92bc87df5c4c78417d3cbe537487274e9b0b2dce76e92096"
dependencies = [
 "libc",
 "redox_syscall",
 "redox_termios",
]

[[package]]
name = "textwrap"
version = "0.10.0"
source = "registry+https://github.com/rust-lang/crates.io-index"
checksum = "307686869c93e71f94da64286f9a9524c0f308a9e1c87a583de8e9c9039ad3f6"
dependencies = [
 "unicode-width",
]

[[package]]
name = "thread-scoped"
version = "1.0.2"
source = "registry+https://github.com/rust-lang/crates.io-index"
checksum = "bcbb6aa301e5d3b0b5ef639c9a9c7e2f1c944f177b460c04dc24c69b1fa2bd99"

[[package]]
name = "thread_local"
version = "0.3.6"
source = "registry+https://github.com/rust-lang/crates.io-index"
checksum = "c6b53e329000edc2b34dbe8545fd20e55a333362d0a321909685a19bd28c3f1b"
dependencies = [
 "lazy_static",
]

[[package]]
name = "time"
version = "0.1.41"
source = "registry+https://github.com/rust-lang/crates.io-index"
checksum = "847da467bf0db05882a9e2375934a8a55cffdc9db0d128af1518200260ba1f6c"
dependencies = [
 "libc",
 "redox_syscall",
 "winapi",
]

[[package]]
name = "ucd-util"
version = "0.1.3"
source = "registry+https://github.com/rust-lang/crates.io-index"
checksum = "535c204ee4d8434478593480b8f86ab45ec9aae0e83c568ca81abf0fd0e88f86"

[[package]]
name = "unicode-segmentation"
version = "1.2.1"
source = "registry+https://github.com/rust-lang/crates.io-index"
checksum = "aa6024fc12ddfd1c6dbc14a80fa2324d4568849869b779f6bd37e5e4c03344d1"

[[package]]
name = "unicode-width"
version = "0.1.5"
source = "registry+https://github.com/rust-lang/crates.io-index"
checksum = "882386231c45df4700b275c7ff55b6f3698780a650026380e72dabe76fa46526"

[[package]]
name = "unicode-xid"
version = "0.0.4"
source = "registry+https://github.com/rust-lang/crates.io-index"
checksum = "8c1f860d7d29cf02cb2f3f359fd35991af3d30bac52c57d265a3c461074cb4dc"

[[package]]
name = "unicode-xid"
version = "0.1.0"
source = "registry+https://github.com/rust-lang/crates.io-index"
checksum = "fc72304796d0818e357ead4e000d19c9c174ab23dc11093ac919054d20a6a7fc"

[[package]]
name = "unidiff"
version = "0.3.1"
source = "registry+https://github.com/rust-lang/crates.io-index"
checksum = "6f889f707b9c0e47a544a4e27ddcfe7e1634db4aecc10ff096caef1c36830d96"
dependencies = [
 "encoding_rs",
 "lazy_static",
 "regex",
]

[[package]]
name = "unreachable"
version = "1.0.0"
source = "registry+https://github.com/rust-lang/crates.io-index"
checksum = "382810877fe448991dfc7f0dd6e3ae5d58088fd0ea5e35189655f84e6814fa56"
dependencies = [
 "void",
]

[[package]]
name = "utf8-ranges"
version = "1.0.2"
source = "registry+https://github.com/rust-lang/crates.io-index"
checksum = "796f7e48bef87609f7ade7e06495a87d5cd06c7866e6a5cbfceffc558a243737"

[[package]]
name = "vec_map"
version = "0.8.1"
source = "registry+https://github.com/rust-lang/crates.io-index"
checksum = "05c78687fb1a80548ae3250346c3db86a80a7cdd77bda190189f2d0a0987c81a"

[[package]]
name = "version_check"
version = "0.1.5"
source = "registry+https://github.com/rust-lang/crates.io-index"
checksum = "914b1a6776c4c929a602fafd8bc742e06365d4bcbe48c30f9cca5824f70dc9dd"

[[package]]
name = "void"
version = "1.0.2"
source = "registry+https://github.com/rust-lang/crates.io-index"
checksum = "6a02e4885ed3bc0f2de90ea6dd45ebcbb66dacffe03547fadbb0eeae2770887d"

[[package]]
name = "walkdir"
version = "2.2.7"
source = "registry+https://github.com/rust-lang/crates.io-index"
checksum = "9d9d7ed3431229a144296213105a390676cc49c9b6a72bd19f3176c98e129fa1"
dependencies = [
 "same-file",
 "winapi",
 "winapi-util",
]

[[package]]
name = "wasm-bindgen"
version = "0.2.29"
source = "registry+https://github.com/rust-lang/crates.io-index"
checksum = "91f95b8f30407b9ca0c2de157281d3828bbed1fc1f55bea6eb54f40c52ec75ec"
dependencies = [
 "wasm-bindgen-macro",
]

[[package]]
name = "wasm-bindgen-backend"
version = "0.2.29"
source = "registry+https://github.com/rust-lang/crates.io-index"
checksum = "ab7c242ebcb45bae45340986c48d1853eb2c1c52ff551f7724951b62a2c51429"
dependencies = [
 "lazy_static",
 "log",
 "proc-macro2",
 "quote 0.6.10",
 "syn 0.15.23",
 "wasm-bindgen-shared",
]

[[package]]
name = "wasm-bindgen-macro"
version = "0.2.29"
source = "registry+https://github.com/rust-lang/crates.io-index"
checksum = "6e353f83716dec9a3597b5719ef88cb6c9e461ec16528f38aa023d3224b4e569"
dependencies = [
 "quote 0.6.10",
 "wasm-bindgen-macro-support",
]

[[package]]
name = "wasm-bindgen-macro-support"
version = "0.2.29"
source = "registry+https://github.com/rust-lang/crates.io-index"
checksum = "3cc90b65fe69c3dd5a09684517dc79f42b847baa2d479c234d125e0a629d9b0a"
dependencies = [
 "proc-macro2",
 "quote 0.6.10",
 "syn 0.15.23",
 "wasm-bindgen-backend",
 "wasm-bindgen-shared",
]

[[package]]
name = "wasm-bindgen-shared"
version = "0.2.29"
source = "registry+https://github.com/rust-lang/crates.io-index"
checksum = "a71a37df4f5845025f96f279d20bbe5b19cbcb77f5410a3a90c6c544d889a162"

[[package]]
name = "wasm-bindgen-webidl"
version = "0.2.23"
source = "registry+https://github.com/rust-lang/crates.io-index"
checksum = "b064b8b2336b5a6bf5f31bc95fc1310842395df29877d910cb6f8f791070f319"
dependencies = [
 "failure",
 "heck",
 "log",
 "proc-macro2",
 "quote 0.6.10",
 "syn 0.15.23",
 "wasm-bindgen-backend",
 "weedle",
]

[[package]]
name = "web-sys"
version = "0.3.6"
source = "registry+https://github.com/rust-lang/crates.io-index"
checksum = "7d7c588c2e5a091bc4532c5a87032955f9133b644e868b54d08ead0185dcc5b9"
dependencies = [
 "env_logger",
 "failure",
 "js-sys",
 "sourcefile",
 "wasm-bindgen",
 "wasm-bindgen-webidl",
]

[[package]]
name = "wee_alloc"
version = "0.4.2"
source = "registry+https://github.com/rust-lang/crates.io-index"
checksum = "27875be1daf838fa18f3e94fd19fd12638e34615b42f56da2610c8f46be80cc6"
dependencies = [
 "cfg-if",
 "libc",
 "memory_units",
 "unreachable",
 "winapi",
]

[[package]]
name = "weedle"
version = "0.8.0"
source = "registry+https://github.com/rust-lang/crates.io-index"
checksum = "26a4c67f132386d965390b8a734d5d10adbcd30eb5cc74bd9229af8b83f10044"
dependencies = [
 "nom 4.1.1",
]

[[package]]
name = "winapi"
version = "0.3.6"
source = "registry+https://github.com/rust-lang/crates.io-index"
checksum = "92c1eb33641e276cfa214a0522acad57be5c56b10cb348b3c5117db75f3ac4b0"
dependencies = [
 "winapi-i686-pc-windows-gnu",
 "winapi-x86_64-pc-windows-gnu",
]

[[package]]
name = "winapi-i686-pc-windows-gnu"
version = "0.4.0"
source = "registry+https://github.com/rust-lang/crates.io-index"
checksum = "ac3b87c63620426dd9b991e5ce0329eff545bccbbb34f3be09ff6fb6ab51b7b6"

[[package]]
name = "winapi-util"
version = "0.1.1"
source = "registry+https://github.com/rust-lang/crates.io-index"
checksum = "afc5508759c5bf4285e61feb862b6083c8480aec864fa17a81fdec6f69b461ab"
dependencies = [
 "winapi",
]

[[package]]
name = "winapi-x86_64-pc-windows-gnu"
version = "0.4.0"
source = "registry+https://github.com/rust-lang/crates.io-index"
checksum = "712e227841d057c1ee1cd2fb22fa7e5a5461ae8e48fa2ca79ec42cfc1931183f"

[[package]]
name = "wincolor"
version = "1.0.1"
source = "registry+https://github.com/rust-lang/crates.io-index"
checksum = "561ed901ae465d6185fa7864d63fbd5720d0ef718366c9a4dc83cf6170d7e9ba"
dependencies = [
 "winapi",
 "winapi-util",
]

[[package]]
name = "xattr"
version = "0.2.2"
source = "registry+https://github.com/rust-lang/crates.io-index"
checksum = "244c3741f4240ef46274860397c7c74e50eb23624996930e484c16679633a54c"
dependencies = [
 "libc",
]
